
Microsoft Visual Studio Solution File, Format Version 12.00
# Visual Studio Version 16
VisualStudioVersion = 16.0.29326.143
MinimumVisualStudioVersion = 10.0.40219.1
Project("{FAE04EC0-301F-11D3-BF4B-00C04F79EFBC}") = "Shop.Core", "Shop.Core\Shop.Core.csproj", "{7C06AFFE-2126-44A4-96DA-ED94075571E2}"
EndProject
Project("{2150E333-8FDC-42A3-9474-1A3956D46DE8}") = "Database", "Database", "{A469469D-BAD0-440B-BAB0-47153EBA08A9}"
EndProject
Project("{00D1A9C2-B5F0-4AF3-8072-F6C62B433612}") = "Shop.Database", "Shop.Database\Shop.Database.sqlproj", "{E170E483-D0F8-4407-8C72-3A517DD90320}"
EndProject
Project("{2150E333-8FDC-42A3-9474-1A3956D46DE8}") = "Tests", "Tests", "{C40A9B90-1207-4A09-BCE1-AFAEB1E78A6B}"
EndProject
Project("{FAE04EC0-301F-11D3-BF4B-00C04F79EFBC}") = "Shop.Core.Tests", "Tests\Shop.Core.Tests\Shop.Core.Tests.csproj", "{35250290-CDBF-4CFF-890C-90881C00C745}"
EndProject
Global
	GlobalSection(SolutionConfigurationPlatforms) = preSolution
		Debug|Any CPU = Debug|Any CPU
		Release|Any CPU = Release|Any CPU
	EndGlobalSection
	GlobalSection(ProjectConfigurationPlatforms) = postSolution
		{7C06AFFE-2126-44A4-96DA-ED94075571E2}.Debug|Any CPU.ActiveCfg = Debug|Any CPU
		{7C06AFFE-2126-44A4-96DA-ED94075571E2}.Debug|Any CPU.Build.0 = Debug|Any CPU
		{7C06AFFE-2126-44A4-96DA-ED94075571E2}.Release|Any CPU.ActiveCfg = Release|Any CPU
		{7C06AFFE-2126-44A4-96DA-ED94075571E2}.Release|Any CPU.Build.0 = Release|Any CPU
		{E170E483-D0F8-4407-8C72-3A517DD90320}.Debug|Any CPU.ActiveCfg = Debug|Any CPU
		{E170E483-D0F8-4407-8C72-3A517DD90320}.Debug|Any CPU.Build.0 = Debug|Any CPU
		{E170E483-D0F8-4407-8C72-3A517DD90320}.Debug|Any CPU.Deploy.0 = Debug|Any CPU
		{E170E483-D0F8-4407-8C72-3A517DD90320}.Release|Any CPU.ActiveCfg = Release|Any CPU
		{E170E483-D0F8-4407-8C72-3A517DD90320}.Release|Any CPU.Build.0 = Release|Any CPU
		{E170E483-D0F8-4407-8C72-3A517DD90320}.Release|Any CPU.Deploy.0 = Release|Any CPU
		{35250290-CDBF-4CFF-890C-90881C00C745}.Debug|Any CPU.ActiveCfg = Debug|Any CPU
		{35250290-CDBF-4CFF-890C-90881C00C745}.Debug|Any CPU.Build.0 = Debug|Any CPU
		{35250290-CDBF-4CFF-890C-90881C00C745}.Release|Any CPU.ActiveCfg = Release|Any CPU
		{35250290-CDBF-4CFF-890C-90881C00C745}.Release|Any CPU.Build.0 = Release|Any CPU
	EndGlobalSection
	GlobalSection(SolutionProperties) = preSolution
		HideSolutionNode = FALSE
	EndGlobalSection
	GlobalSection(NestedProjects) = preSolution
		{E170E483-D0F8-4407-8C72-3A517DD90320} = {A469469D-BAD0-440B-BAB0-47153EBA08A9}
		{35250290-CDBF-4CFF-890C-90881C00C745} = {C40A9B90-1207-4A09-BCE1-AFAEB1E78A6B}
	EndGlobalSection
	GlobalSection(ExtensibilityGlobals) = postSolution
		SolutionGuid = {84A636BA-D769-481E-B44D-E571ACA9AD71}
	EndGlobalSection
EndGlobal
